
Microsoft Visual Studio Solution File, Format Version 12.00
# Visual Studio 2013
VisualStudioVersion = 12.0.21005.1
MinimumVisualStudioVersion = 10.0.40219.1
Project("{FAE04EC0-301F-11D3-BF4B-00C04F79EFBC}") = "_01_objectTypeApp", "_01_objectTypeApp\_01_objectTypeApp.csproj", "{0EA3DF9D-2624-451E-A5C2-807994C9E268}"
EndProject
Global
	GlobalSection(SolutionConfigurationPlatforms) = preSolution
		Debug|Any CPU = Debug|Any CPU
		Release|Any CPU = Release|Any CPU
	EndGlobalSection
	GlobalSection(ProjectConfigurationPlatforms) = postSolution
		{0EA3DF9D-2624-451E-A5C2-807994C9E268}.Debug|Any CPU.ActiveCfg = Debug|Any CPU
		{0EA3DF9D-2624-451E-A5C2-807994C9E268}.Debug|Any CPU.Build.0 = Debug|Any CPU
		{0EA3DF9D-2624-451E-A5C2-807994C9E268}.Release|Any CPU.ActiveCfg = Release|Any CPU
		{0EA3DF9D-2624-451E-A5C2-807994C9E268}.Release|Any CPU.Build.0 = Release|Any CPU
	EndGlobalSection
	GlobalSection(SolutionProperties) = preSolution
		HideSolutionNode = FALSE
	EndGlobalSection
EndGlobal
